// !$*UTF8*$!
{
	archiveVersion = 1;
	classes = {
	};
	objectVersion = 55;
	objects = {

/* Begin PBXBuildFile section */
		9B1C7CB428C8379600E2CAAA /* AppDelegate.swift in Sources */ = {isa = PBXBuildFile; fileRef = 9B1C7CB328C8379600E2CAAA /* AppDelegate.swift */; };
		9B1C7CB828C8379600E2CAAA /* MovieViewController.swift in Sources */ = {isa = PBXBuildFile; fileRef = 9B1C7CB728C8379600E2CAAA /* MovieViewController.swift */; };
		9B1C7CBB28C8379600E2CAAA /* Main.storyboard in Resources */ = {isa = PBXBuildFile; fileRef = 9B1C7CB928C8379600E2CAAA /* Main.storyboard */; };
		9B1C7CBD28C8379800E2CAAA /* Assets.xcassets in Resources */ = {isa = PBXBuildFile; fileRef = 9B1C7CBC28C8379800E2CAAA /* Assets.xcassets */; };
		9B1C7CC028C8379800E2CAAA /* LaunchScreen.storyboard in Resources */ = {isa = PBXBuildFile; fileRef = 9B1C7CBE28C8379800E2CAAA /* LaunchScreen.storyboard */; };
		9B1C7CCB28C8379900E2CAAA /* FlixTests.swift in Sources */ = {isa = PBXBuildFile; fileRef = 9B1C7CCA28C8379900E2CAAA /* FlixTests.swift */; };
		9B1C7CD528C8379900E2CAAA /* FlixUITests.swift in Sources */ = {isa = PBXBuildFile; fileRef = 9B1C7CD428C8379900E2CAAA /* FlixUITests.swift */; };
		9B1C7CD728C8379900E2CAAA /* FlixUITestsLaunchTests.swift in Sources */ = {isa = PBXBuildFile; fileRef = 9B1C7CD628C8379900E2CAAA /* FlixUITestsLaunchTests.swift */; };
		9B3D26B228D68CEF00DB8896 /* MovieDetailsViewController.swift in Sources */ = {isa = PBXBuildFile; fileRef = 9B3D26B128D68CEF00DB8896 /* MovieDetailsViewController.swift */; };
		9B64DF7428D6811800B44349 /* MovieCell.swift in Sources */ = {isa = PBXBuildFile; fileRef = 9B64DF7328D6811800B44349 /* MovieCell.swift */; };
		9BB2642228CE33920052F375 /* SceneDelegate.swift in Sources */ = {isa = PBXBuildFile; fileRef = 9BB2642028CE33920052F375 /* SceneDelegate.swift */; };
		9BB2642528CE35CF0052F375 /* AlamofireImage in Frameworks */ = {isa = PBXBuildFile; productRef = 9BB2642428CE35CF0052F375 /* AlamofireImage */; };
		9BD34EB928D6B7BC00189B5D /* MovieGridViewController.swift in Sources */ = {isa = PBXBuildFile; fileRef = 9BD34EB828D6B7BC00189B5D /* MovieGridViewController.swift */; };
		9BD34EBB28D6BC0E00189B5D /* MovieGridCell.swift in Sources */ = {isa = PBXBuildFile; fileRef = 9BD34EBA28D6BC0E00189B5D /* MovieGridCell.swift */; };
		BF27FA69625CFBC21F8467B8 /* Pods_Flix.framework in Frameworks */ = {isa = PBXBuildFile; fileRef = 51F3A7ECFAC5D65D96F16BF3 /* Pods_Flix.framework */; };
		F5EDDBF70874760FBEB7B2BC /* Pods_Flix_FlixUITests.framework in Frameworks */ = {isa = PBXBuildFile; fileRef = 74ED3E94A6092870A99ED480 /* Pods_Flix_FlixUITests.framework */; };
		FECEE16049E4F9051FAB0126 /* Pods_FlixTests.framework in Frameworks */ = {isa = PBXBuildFile; fileRef = 62ECC9FE396F6637F270AF2E /* Pods_FlixTests.framework */; };
/* End PBXBuildFile section */

/* Begin PBXContainerItemProxy section */
		9B1C7CC728C8379900E2CAAA /* PBXContainerItemProxy */ = {
			isa = PBXContainerItemProxy;
			containerPortal = 9B1C7CA828C8379600E2CAAA /* Project object */;
			proxyType = 1;
			remoteGlobalIDString = 9B1C7CAF28C8379600E2CAAA;
			remoteInfo = Flix;
		};
		9B1C7CD128C8379900E2CAAA /* PBXContainerItemProxy */ = {
			isa = PBXContainerItemProxy;
			containerPortal = 9B1C7CA828C8379600E2CAAA /* Project object */;
			proxyType = 1;
			remoteGlobalIDString = 9B1C7CAF28C8379600E2CAAA;
			remoteInfo = Flix;
		};
/* End PBXContainerItemProxy section */

/* Begin PBXFileReference section */
		2B01CC249A19F8D980E5BFCC /* Pods-FlixTests.debug.xcconfig */ = {isa = PBXFileReference; includeInIndex = 1; lastKnownFileType = text.xcconfig; name = "Pods-FlixTests.debug.xcconfig"; path = "Target Support Files/Pods-FlixTests/Pods-FlixTests.debug.xcconfig"; sourceTree = "<group>"; };
		517047C2EBDE350A500B867A /* Pods-FlixTests.release.xcconfig */ = {isa = PBXFileReference; includeInIndex = 1; lastKnownFileType = text.xcconfig; name = "Pods-FlixTests.release.xcconfig"; path = "Target Support Files/Pods-FlixTests/Pods-FlixTests.release.xcconfig"; sourceTree = "<group>"; };
		51F3A7ECFAC5D65D96F16BF3 /* Pods_Flix.framework */ = {isa = PBXFileReference; explicitFileType = wrapper.framework; includeInIndex = 0; path = Pods_Flix.framework; sourceTree = BUILT_PRODUCTS_DIR; };
		62ECC9FE396F6637F270AF2E /* Pods_FlixTests.framework */ = {isa = PBXFileReference; explicitFileType = wrapper.framework; includeInIndex = 0; path = Pods_FlixTests.framework; sourceTree = BUILT_PRODUCTS_DIR; };
		74ED3E94A6092870A99ED480 /* Pods_Flix_FlixUITests.framework */ = {isa = PBXFileReference; explicitFileType = wrapper.framework; includeInIndex = 0; path = Pods_Flix_FlixUITests.framework; sourceTree = BUILT_PRODUCTS_DIR; };
		85678E6AFD89310F4CBF2B07 /* Pods-Flix.release.xcconfig */ = {isa = PBXFileReference; includeInIndex = 1; lastKnownFileType = text.xcconfig; name = "Pods-Flix.release.xcconfig"; path = "Target Support Files/Pods-Flix/Pods-Flix.release.xcconfig"; sourceTree = "<group>"; };
		8B40E89DC048FBBC94425C2D /* Pods-Flix.debug.xcconfig */ = {isa = PBXFileReference; includeInIndex = 1; lastKnownFileType = text.xcconfig; name = "Pods-Flix.debug.xcconfig"; path = "Target Support Files/Pods-Flix/Pods-Flix.debug.xcconfig"; sourceTree = "<group>"; };
		98ABD757769281D81B18AFE2 /* Pods-Flix-FlixUITests.release.xcconfig */ = {isa = PBXFileReference; includeInIndex = 1; lastKnownFileType = text.xcconfig; name = "Pods-Flix-FlixUITests.release.xcconfig"; path = "Target Support Files/Pods-Flix-FlixUITests/Pods-Flix-FlixUITests.release.xcconfig"; sourceTree = "<group>"; };
		9B1C7CB028C8379600E2CAAA /* Flix.app */ = {isa = PBXFileReference; explicitFileType = wrapper.application; includeInIndex = 0; path = Flix.app; sourceTree = BUILT_PRODUCTS_DIR; };
		9B1C7CB328C8379600E2CAAA /* AppDelegate.swift */ = {isa = PBXFileReference; lastKnownFileType = sourcecode.swift; path = AppDelegate.swift; sourceTree = "<group>"; };
		9B1C7CB728C8379600E2CAAA /* MovieViewController.swift */ = {isa = PBXFileReference; lastKnownFileType = sourcecode.swift; path = MovieViewController.swift; sourceTree = "<group>"; };
		9B1C7CBA28C8379600E2CAAA /* Base */ = {isa = PBXFileReference; lastKnownFileType = file.storyboard; name = Base; path = Base.lproj/Main.storyboard; sourceTree = "<group>"; };
		9B1C7CBC28C8379800E2CAAA /* Assets.xcassets */ = {isa = PBXFileReference; lastKnownFileType = folder.assetcatalog; path = Assets.xcassets; sourceTree = "<group>"; };
		9B1C7CBF28C8379800E2CAAA /* Base */ = {isa = PBXFileReference; lastKnownFileType = file.storyboard; name = Base; path = Base.lproj/LaunchScreen.storyboard; sourceTree = "<group>"; };
		9B1C7CC128C8379800E2CAAA /* Info.plist */ = {isa = PBXFileReference; lastKnownFileType = text.plist.xml; path = Info.plist; sourceTree = "<group>"; };
		9B1C7CC628C8379900E2CAAA /* FlixTests.xctest */ = {isa = PBXFileReference; explicitFileType = wrapper.cfbundle; includeInIndex = 0; path = FlixTests.xctest; sourceTree = BUILT_PRODUCTS_DIR; };
		9B1C7CCA28C8379900E2CAAA /* FlixTests.swift */ = {isa = PBXFileReference; lastKnownFileType = sourcecode.swift; path = FlixTests.swift; sourceTree = "<group>"; };
		9B1C7CD028C8379900E2CAAA /* FlixUITests.xctest */ = {isa = PBXFileReference; explicitFileType = wrapper.cfbundle; includeInIndex = 0; path = FlixUITests.xctest; sourceTree = BUILT_PRODUCTS_DIR; };
		9B1C7CD428C8379900E2CAAA /* FlixUITests.swift */ = {isa = PBXFileReference; lastKnownFileType = sourcecode.swift; path = FlixUITests.swift; sourceTree = "<group>"; };
		9B1C7CD628C8379900E2CAAA /* FlixUITestsLaunchTests.swift */ = {isa = PBXFileReference; lastKnownFileType = sourcecode.swift; path = FlixUITestsLaunchTests.swift; sourceTree = "<group>"; };
		9B3D26B128D68CEF00DB8896 /* MovieDetailsViewController.swift */ = {isa = PBXFileReference; lastKnownFileType = sourcecode.swift; path = MovieDetailsViewController.swift; sourceTree = "<group>"; };
		9B64DF7328D6811800B44349 /* MovieCell.swift */ = {isa = PBXFileReference; lastKnownFileType = sourcecode.swift; path = MovieCell.swift; sourceTree = "<group>"; };
		9BB2642028CE33920052F375 /* SceneDelegate.swift */ = {isa = PBXFileReference; fileEncoding = 4; lastKnownFileType = sourcecode.swift; path = SceneDelegate.swift; sourceTree = "<group>"; };
		9BD34EB828D6B7BC00189B5D /* MovieGridViewController.swift */ = {isa = PBXFileReference; lastKnownFileType = sourcecode.swift; path = MovieGridViewController.swift; sourceTree = "<group>"; };
		9BD34EBA28D6BC0E00189B5D /* MovieGridCell.swift */ = {isa = PBXFileReference; lastKnownFileType = sourcecode.swift; path = MovieGridCell.swift; sourceTree = "<group>"; };
		CEF7EE0A9790DB986A3585C6 /* Pods-Flix-FlixUITests.debug.xcconfig */ = {isa = PBXFileReference; includeInIndex = 1; lastKnownFileType = text.xcconfig; name = "Pods-Flix-FlixUITests.debug.xcconfig"; path = "Target Support Files/Pods-Flix-FlixUITests/Pods-Flix-FlixUITests.debug.xcconfig"; sourceTree = "<group>"; };
/* End PBXFileReference section */

/* Begin PBXFrameworksBuildPhase section */
		9B1C7CAD28C8379600E2CAAA /* Frameworks */ = {
			isa = PBXFrameworksBuildPhase;
			buildActionMask = 2147483647;
			files = (
				9BB2642528CE35CF0052F375 /* AlamofireImage in Frameworks */,
				BF27FA69625CFBC21F8467B8 /* Pods_Flix.framework in Frameworks */,
			);
			runOnlyForDeploymentPostprocessing = 0;
		};
		9B1C7CC328C8379900E2CAAA /* Frameworks */ = {
			isa = PBXFrameworksBuildPhase;
			buildActionMask = 2147483647;
			files = (
				FECEE16049E4F9051FAB0126 /* Pods_FlixTests.framework in Frameworks */,
			);
			runOnlyForDeploymentPostprocessing = 0;
		};
		9B1C7CCD28C8379900E2CAAA /* Frameworks */ = {
			isa = PBXFrameworksBuildPhase;
			buildActionMask = 2147483647;
			files = (
				F5EDDBF70874760FBEB7B2BC /* Pods_Flix_FlixUITests.framework in Frameworks */,
			);
			runOnlyForDeploymentPostprocessing = 0;
		};
/* End PBXFrameworksBuildPhase section */

/* Begin PBXGroup section */
		1BB4E47FFD64BA15ACCFC531 /* Pods */ = {
			isa = PBXGroup;
			children = (
				8B40E89DC048FBBC94425C2D /* Pods-Flix.debug.xcconfig */,
				85678E6AFD89310F4CBF2B07 /* Pods-Flix.release.xcconfig */,
				CEF7EE0A9790DB986A3585C6 /* Pods-Flix-FlixUITests.debug.xcconfig */,
				98ABD757769281D81B18AFE2 /* Pods-Flix-FlixUITests.release.xcconfig */,
				2B01CC249A19F8D980E5BFCC /* Pods-FlixTests.debug.xcconfig */,
				517047C2EBDE350A500B867A /* Pods-FlixTests.release.xcconfig */,
			);
			path = Pods;
			sourceTree = "<group>";
		};
		9305FB1043BA71FA150B0270 /* Frameworks */ = {
			isa = PBXGroup;
			children = (
				51F3A7ECFAC5D65D96F16BF3 /* Pods_Flix.framework */,
				74ED3E94A6092870A99ED480 /* Pods_Flix_FlixUITests.framework */,
				62ECC9FE396F6637F270AF2E /* Pods_FlixTests.framework */,
			);
			name = Frameworks;
			sourceTree = "<group>";
		};
		9B1C7CA728C8379600E2CAAA = {
			isa = PBXGroup;
			children = (
				9B1C7CB228C8379600E2CAAA /* Flix */,
				9B1C7CC928C8379900E2CAAA /* FlixTests */,
				9B1C7CD328C8379900E2CAAA /* FlixUITests */,
				9B1C7CB128C8379600E2CAAA /* Products */,
				1BB4E47FFD64BA15ACCFC531 /* Pods */,
				9305FB1043BA71FA150B0270 /* Frameworks */,
			);
			sourceTree = "<group>";
		};
		9B1C7CB128C8379600E2CAAA /* Products */ = {
			isa = PBXGroup;
			children = (
				9B1C7CB028C8379600E2CAAA /* Flix.app */,
				9B1C7CC628C8379900E2CAAA /* FlixTests.xctest */,
				9B1C7CD028C8379900E2CAAA /* FlixUITests.xctest */,
			);
			name = Products;
			sourceTree = "<group>";
		};
		9B1C7CB228C8379600E2CAAA /* Flix */ = {
			isa = PBXGroup;
			children = (
				9BB2642028CE33920052F375 /* SceneDelegate.swift */,
				9B1C7CB328C8379600E2CAAA /* AppDelegate.swift */,
				9B1C7CB728C8379600E2CAAA /* MovieViewController.swift */,
				9B64DF7328D6811800B44349 /* MovieCell.swift */,
				9B3D26B128D68CEF00DB8896 /* MovieDetailsViewController.swift */,
				9BD34EB828D6B7BC00189B5D /* MovieGridViewController.swift */,
				9BD34EBA28D6BC0E00189B5D /* MovieGridCell.swift */,
				9B1C7CB928C8379600E2CAAA /* Main.storyboard */,
				9B1C7CBC28C8379800E2CAAA /* Assets.xcassets */,
				9B1C7CBE28C8379800E2CAAA /* LaunchScreen.storyboard */,
				9B1C7CC128C8379800E2CAAA /* Info.plist */,
			);
			path = Flix;
			sourceTree = "<group>";
		};
		9B1C7CC928C8379900E2CAAA /* FlixTests */ = {
			isa = PBXGroup;
			children = (
				9B1C7CCA28C8379900E2CAAA /* FlixTests.swift */,
			);
			path = FlixTests;
			sourceTree = "<group>";
		};
		9B1C7CD328C8379900E2CAAA /* FlixUITests */ = {
			isa = PBXGroup;
			children = (
				9B1C7CD428C8379900E2CAAA /* FlixUITests.swift */,
				9B1C7CD628C8379900E2CAAA /* FlixUITestsLaunchTests.swift */,
			);
			path = FlixUITests;
			sourceTree = "<group>";
		};
/* End PBXGroup section */

/* Begin PBXNativeTarget section */
		9B1C7CAF28C8379600E2CAAA /* Flix */ = {
			isa = PBXNativeTarget;
			buildConfigurationList = 9B1C7CDA28C8379900E2CAAA /* Build configuration list for PBXNativeTarget "Flix" */;
			buildPhases = (
				87C55805EE12468AE4A61B8D /* [CP] Check Pods Manifest.lock */,
				9B1C7CAC28C8379600E2CAAA /* Sources */,
				9B1C7CAD28C8379600E2CAAA /* Frameworks */,
				9B1C7CAE28C8379600E2CAAA /* Resources */,
				D64E4C0097A92DB5F4B054B3 /* [CP] Embed Pods Frameworks */,
			);
			buildRules = (
			);
			dependencies = (
			);
			name = Flix;
			packageProductDependencies = (
				9BB2642428CE35CF0052F375 /* AlamofireImage */,
			);
			productName = Flix;
			productReference = 9B1C7CB028C8379600E2CAAA /* Flix.app */;
			productType = "com.apple.product-type.application";
		};
		9B1C7CC528C8379900E2CAAA /* FlixTests */ = {
			isa = PBXNativeTarget;
			buildConfigurationList = 9B1C7CDD28C8379900E2CAAA /* Build configuration list for PBXNativeTarget "FlixTests" */;
			buildPhases = (
				D07EDB5FC7CC79C86ACB8147 /* [CP] Check Pods Manifest.lock */,
				9B1C7CC228C8379900E2CAAA /* Sources */,
				9B1C7CC328C8379900E2CAAA /* Frameworks */,
				9B1C7CC428C8379900E2CAAA /* Resources */,
			);
			buildRules = (
			);
			dependencies = (
				9B1C7CC828C8379900E2CAAA /* PBXTargetDependency */,
			);
			name = FlixTests;
			productName = FlixTests;
			productReference = 9B1C7CC628C8379900E2CAAA /* FlixTests.xctest */;
			productType = "com.apple.product-type.bundle.unit-test";
		};
		9B1C7CCF28C8379900E2CAAA /* FlixUITests */ = {
			isa = PBXNativeTarget;
			buildConfigurationList = 9B1C7CE028C8379900E2CAAA /* Build configuration list for PBXNativeTarget "FlixUITests" */;
			buildPhases = (
				7FFF77834E20612FD1DAF563 /* [CP] Check Pods Manifest.lock */,
				9B1C7CCC28C8379900E2CAAA /* Sources */,
				9B1C7CCD28C8379900E2CAAA /* Frameworks */,
				9B1C7CCE28C8379900E2CAAA /* Resources */,
				0CE6DA95B84C3EB96B076678 /* [CP] Embed Pods Frameworks */,
			);
			buildRules = (
			);
			dependencies = (
				9B1C7CD228C8379900E2CAAA /* PBXTargetDependency */,
			);
			name = FlixUITests;
			productName = FlixUITests;
			productReference = 9B1C7CD028C8379900E2CAAA /* FlixUITests.xctest */;
			productType = "com.apple.product-type.bundle.ui-testing";
		};
/* End PBXNativeTarget section */

/* Begin PBXProject section */
		9B1C7CA828C8379600E2CAAA /* Project object */ = {
			isa = PBXProject;
			attributes = {
				BuildIndependentTargetsInParallel = 1;
				LastSwiftUpdateCheck = 1340;
				LastUpgradeCheck = 1340;
				TargetAttributes = {
					9B1C7CAF28C8379600E2CAAA = {
						CreatedOnToolsVersion = 13.4.1;
					};
					9B1C7CC528C8379900E2CAAA = {
						CreatedOnToolsVersion = 13.4.1;
						TestTargetID = 9B1C7CAF28C8379600E2CAAA;
					};
					9B1C7CCF28C8379900E2CAAA = {
						CreatedOnToolsVersion = 13.4.1;
						TestTargetID = 9B1C7CAF28C8379600E2CAAA;
					};
				};
			};
			buildConfigurationList = 9B1C7CAB28C8379600E2CAAA /* Build configuration list for PBXProject "Flix" */;
			compatibilityVersion = "Xcode 13.0";
			developmentRegion = en;
			hasScannedForEncodings = 0;
			knownRegions = (
				en,
				Base,
			);
			mainGroup = 9B1C7CA728C8379600E2CAAA;
			packageReferences = (
				9BB2642328CE35CF0052F375 /* XCRemoteSwiftPackageReference "AlamofireImage" */,
			);
			productRefGroup = 9B1C7CB128C8379600E2CAAA /* Products */;
			projectDirPath = "";
			projectRoot = "";
			targets = (
				9B1C7CAF28C8379600E2CAAA /* Flix */,
				9B1C7CC528C8379900E2CAAA /* FlixTests */,
				9B1C7CCF28C8379900E2CAAA /* FlixUITests */,
			);
		};
/* End PBXProject section */

/* Begin PBXResourcesBuildPhase section */
		9B1C7CAE28C8379600E2CAAA /* Resources */ = {
			isa = PBXResourcesBuildPhase;
			buildActionMask = 2147483647;
			files = (
				9B1C7CC028C8379800E2CAAA /* LaunchScreen.storyboard in Resources */,
				9B1C7CBD28C8379800E2CAAA /* Assets.xcassets in Resources */,
				9B1C7CBB28C8379600E2CAAA /* Main.storyboard in Resources */,
			);
			runOnlyForDeploymentPostprocessing = 0;
		};
		9B1C7CC428C8379900E2CAAA /* Resources */ = {
			isa = PBXResourcesBuildPhase;
			buildActionMask = 2147483647;
			files = (
			);
			runOnlyForDeploymentPostprocessing = 0;
		};
		9B1C7CCE28C8379900E2CAAA /* Resources */ = {
			isa = PBXResourcesBuildPhase;
			buildActionMask = 2147483647;
			files = (
			);
			runOnlyForDeploymentPostprocessing = 0;
		};
/* End PBXResourcesBuildPhase section */

/* Begin PBXShellScriptBuildPhase section */
		0CE6DA95B84C3EB96B076678 /* [CP] Embed Pods Frameworks */ = {
			isa = PBXShellScriptBuildPhase;
			buildActionMask = 2147483647;
			files = (
			);
			inputFileListPaths = (
				"${PODS_ROOT}/Target Support Files/Pods-Flix-FlixUITests/Pods-Flix-FlixUITests-frameworks-${CONFIGURATION}-input-files.xcfilelist",
			);
			name = "[CP] Embed Pods Frameworks";
			outputFileListPaths = (
				"${PODS_ROOT}/Target Support Files/Pods-Flix-FlixUITests/Pods-Flix-FlixUITests-frameworks-${CONFIGURATION}-output-files.xcfilelist",
			);
			runOnlyForDeploymentPostprocessing = 0;
			shellPath = /bin/sh;
			shellScript = "\"${PODS_ROOT}/Target Support Files/Pods-Flix-FlixUITests/Pods-Flix-FlixUITests-frameworks.sh\"\n";
			showEnvVarsInLog = 0;
		};
		7FFF77834E20612FD1DAF563 /* [CP] Check Pods Manifest.lock */ = {
			isa = PBXShellScriptBuildPhase;
			buildActionMask = 2147483647;
			files = (
			);
			inputFileListPaths = (
			);
			inputPaths = (
				"${PODS_PODFILE_DIR_PATH}/Podfile.lock",
				"${PODS_ROOT}/Manifest.lock",
			);
			name = "[CP] Check Pods Manifest.lock";
			outputFileListPaths = (
			);
			outputPaths = (
				"$(DERIVED_FILE_DIR)/Pods-Flix-FlixUITests-checkManifestLockResult.txt",
			);
			runOnlyForDeploymentPostprocessing = 0;
			shellPath = /bin/sh;
			shellScript = "diff \"${PODS_PODFILE_DIR_PATH}/Podfile.lock\" \"${PODS_ROOT}/Manifest.lock\" > /dev/null\nif [ $? != 0 ] ; then\n    # print error to STDERR\n    echo \"error: The sandbox is not in sync with the Podfile.lock. Run 'pod install' or update your CocoaPods installation.\" >&2\n    exit 1\nfi\n# This output is used by Xcode 'outputs' to avoid re-running this script phase.\necho \"SUCCESS\" > \"${SCRIPT_OUTPUT_FILE_0}\"\n";
			showEnvVarsInLog = 0;
		};
		87C55805EE12468AE4A61B8D /* [CP] Check Pods Manifest.lock */ = {
			isa = PBXShellScriptBuildPhase;
			buildActionMask = 2147483647;
			files = (
			);
			inputFileListPaths = (
			);
			inputPaths = (
				"${PODS_PODFILE_DIR_PATH}/Podfile.lock",
				"${PODS_ROOT}/Manifest.lock",
			);
			name = "[CP] Check Pods Manifest.lock";
			outputFileListPaths = (
			);
			outputPaths = (
				"$(DERIVED_FILE_DIR)/Pods-Flix-checkManifestLockResult.txt",
			);
			runOnlyForDeploymentPostprocessing = 0;
			shellPath = /bin/sh;
			shellScript = "diff \"${PODS_PODFILE_DIR_PATH}/Podfile.lock\" \"${PODS_ROOT}/Manifest.lock\" > /dev/null\nif [ $? != 0 ] ; then\n    # print error to STDERR\n    echo \"error: The sandbox is not in sync with the Podfile.lock. Run 'pod install' or update your CocoaPods installation.\" >&2\n    exit 1\nfi\n# This output is used by Xcode 'outputs' to avoid re-running this script phase.\necho \"SUCCESS\" > \"${SCRIPT_OUTPUT_FILE_0}\"\n";
			showEnvVarsInLog = 0;
		};
		D07EDB5FC7CC79C86ACB8147 /* [CP] Check Pods Manifest.lock */ = {
			isa = PBXShellScriptBuildPhase;
			buildActionMask = 2147483647;
			files = (
			);
			inputFileListPaths = (
			);
			inputPaths = (
				"${PODS_PODFILE_DIR_PATH}/Podfile.lock",
				"${PODS_ROOT}/Manifest.lock",
			);
			name = "[CP] Check Pods Manifest.lock";
			outputFileListPaths = (
			);
			outputPaths = (
				"$(DERIVED_FILE_DIR)/Pods-FlixTests-checkManifestLockResult.txt",
			);
			runOnlyForDeploymentPostprocessing = 0;
			shellPath = /bin/sh;
			shellScript = "diff \"${PODS_PODFILE_DIR_PATH}/Podfile.lock\" \"${PODS_ROOT}/Manifest.lock\" > /dev/null\nif [ $? != 0 ] ; then\n    # print error to STDERR\n    echo \"error: The sandbox is not in sync with the Podfile.lock. Run 'pod install' or update your CocoaPods installation.\" >&2\n    exit 1\nfi\n# This output is used by Xcode 'outputs' to avoid re-running this script phase.\necho \"SUCCESS\" > \"${SCRIPT_OUTPUT_FILE_0}\"\n";
			showEnvVarsInLog = 0;
		};
		D64E4C0097A92DB5F4B054B3 /* [CP] Embed Pods Frameworks */ = {
			isa = PBXShellScriptBuildPhase;
			buildActionMask = 2147483647;
			files = (
			);
			inputFileListPaths = (
				"${PODS_ROOT}/Target Support Files/Pods-Flix/Pods-Flix-frameworks-${CONFIGURATION}-input-files.xcfilelist",
			);
			name = "[CP] Embed Pods Frameworks";
			outputFileListPaths = (
				"${PODS_ROOT}/Target Support Files/Pods-Flix/Pods-Flix-frameworks-${CONFIGURATION}-output-files.xcfilelist",
			);
			runOnlyForDeploymentPostprocessing = 0;
			shellPath = /bin/sh;
			shellScript = "\"${PODS_ROOT}/Target Support Files/Pods-Flix/Pods-Flix-frameworks.sh\"\n";
			showEnvVarsInLog = 0;
		};
/* End PBXShellScriptBuildPhase section */

/* Begin PBXSourcesBuildPhase section */
		9B1C7CAC28C8379600E2CAAA /* Sources */ = {
			isa = PBXSourcesBuildPhase;
			buildActionMask = 2147483647;
			files = (
				9B1C7CB828C8379600E2CAAA /* MovieViewController.swift in Sources */,
				9B3D26B228D68CEF00DB8896 /* MovieDetailsViewController.swift in Sources */,
				9B1C7CB428C8379600E2CAAA /* AppDelegate.swift in Sources */,
				9B64DF7428D6811800B44349 /* MovieCell.swift in Sources */,
				9BB2642228CE33920052F375 /* SceneDelegate.swift in Sources */,
				9BD34EB928D6B7BC00189B5D /* MovieGridViewController.swift in Sources */,
				9BD34EBB28D6BC0E00189B5D /* MovieGridCell.swift in Sources */,
			);
			runOnlyForDeploymentPostprocessing = 0;
		};
		9B1C7CC228C8379900E2CAAA /* Sources */ = {
			isa = PBXSourcesBuildPhase;
			buildActionMask = 2147483647;
			files = (
				9B1C7CCB28C8379900E2CAAA /* FlixTests.swift in Sources */,
			);
			runOnlyForDeploymentPostprocessing = 0;
		};
		9B1C7CCC28C8379900E2CAAA /* Sources */ = {
			isa = PBXSourcesBuildPhase;
			buildActionMask = 2147483647;
			files = (
				9B1C7CD528C8379900E2CAAA /* FlixUITests.swift in Sources */,
				9B1C7CD728C8379900E2CAAA /* FlixUITestsLaunchTests.swift in Sources */,
			);
			runOnlyForDeploymentPostprocessing = 0;
		};
/* End PBXSourcesBuildPhase section */

/* Begin PBXTargetDependency section */
		9B1C7CC828C8379900E2CAAA /* PBXTargetDependency */ = {
			isa = PBXTargetDependency;
			target = 9B1C7CAF28C8379600E2CAAA /* Flix */;
			targetProxy = 9B1C7CC728C8379900E2CAAA /* PBXContainerItemProxy */;
		};
		9B1C7CD228C8379900E2CAAA /* PBXTargetDependency */ = {
			isa = PBXTargetDependency;
			target = 9B1C7CAF28C8379600E2CAAA /* Flix */;
			targetProxy = 9B1C7CD128C8379900E2CAAA /* PBXContainerItemProxy */;
		};
/* End PBXTargetDependency section */

/* Begin PBXVariantGroup section */
		9B1C7CB928C8379600E2CAAA /* Main.storyboard */ = {
			isa = PBXVariantGroup;
			children = (
				9B1C7CBA28C8379600E2CAAA /* Base */,
			);
			name = Main.storyboard;
			sourceTree = "<group>";
		};
		9B1C7CBE28C8379800E2CAAA /* LaunchScreen.storyboard */ = {
			isa = PBXVariantGroup;
			children = (
				9B1C7CBF28C8379800E2CAAA /* Base */,
			);
			name = LaunchScreen.storyboard;
			sourceTree = "<group>";
		};
/* End PBXVariantGroup section */

/* Begin XCBuildConfiguration section */
		9B1C7CD828C8379900E2CAAA /* Debug */ = {
			isa = XCBuildConfiguration;
			buildSettings = {
				ALWAYS_SEARCH_USER_PATHS = NO;
				CLANG_ANALYZER_NONNULL = YES;
				CLANG_ANALYZER_NUMBER_OBJECT_CONVERSION = YES_AGGRESSIVE;
				CLANG_CXX_LANGUAGE_STANDARD = "gnu++17";
				CLANG_ENABLE_MODULES = YES;
				CLANG_ENABLE_OBJC_ARC = YES;
				CLANG_ENABLE_OBJC_WEAK = YES;
				CLANG_WARN_BLOCK_CAPTURE_AUTORELEASING = YES;
				CLANG_WARN_BOOL_CONVERSION = YES;
				CLANG_WARN_COMMA = YES;
				CLANG_WARN_CONSTANT_CONVERSION = YES;
				CLANG_WARN_DEPRECATED_OBJC_IMPLEMENTATIONS = YES;
				CLANG_WARN_DIRECT_OBJC_ISA_USAGE = YES_ERROR;
				CLANG_WARN_DOCUMENTATION_COMMENTS = YES;
				CLANG_WARN_EMPTY_BODY = YES;
				CLANG_WARN_ENUM_CONVERSION = YES;
				CLANG_WARN_INFINITE_RECURSION = YES;
				CLANG_WARN_INT_CONVERSION = YES;
				CLANG_WARN_NON_LITERAL_NULL_CONVERSION = YES;
				CLANG_WARN_OBJC_IMPLICIT_RETAIN_SELF = YES;
				CLANG_WARN_OBJC_LITERAL_CONVERSION = YES;
				CLANG_WARN_OBJC_ROOT_CLASS = YES_ERROR;
				CLANG_WARN_QUOTED_INCLUDE_IN_FRAMEWORK_HEADER = YES;
				CLANG_WARN_RANGE_LOOP_ANALYSIS = YES;
				CLANG_WARN_STRICT_PROTOTYPES = YES;
				CLANG_WARN_SUSPICIOUS_MOVE = YES;
				CLANG_WARN_UNGUARDED_AVAILABILITY = YES_AGGRESSIVE;
				CLANG_WARN_UNREACHABLE_CODE = YES;
				CLANG_WARN__DUPLICATE_METHOD_MATCH = YES;
				COPY_PHASE_STRIP = NO;
				DEBUG_INFORMATION_FORMAT = dwarf;
				ENABLE_STRICT_OBJC_MSGSEND = YES;
				ENABLE_TESTABILITY = YES;
				GCC_C_LANGUAGE_STANDARD = gnu11;
				GCC_DYNAMIC_NO_PIC = NO;
				GCC_NO_COMMON_BLOCKS = YES;
				GCC_OPTIMIZATION_LEVEL = 0;
				GCC_PREPROCESSOR_DEFINITIONS = (
					"DEBUG=1",
					"$(inherited)",
				);
				GCC_WARN_64_TO_32_BIT_CONVERSION = YES;
				GCC_WARN_ABOUT_RETURN_TYPE = YES_ERROR;
				GCC_WARN_UNDECLARED_SELECTOR = YES;
				GCC_WARN_UNINITIALIZED_AUTOS = YES_AGGRESSIVE;
				GCC_WARN_UNUSED_FUNCTION = YES;
				GCC_WARN_UNUSED_VARIABLE = YES;
				IPHONEOS_DEPLOYMENT_TARGET = 15.5;
				MTL_ENABLE_DEBUG_INFO = INCLUDE_SOURCE;
				MTL_FAST_MATH = YES;
				ONLY_ACTIVE_ARCH = YES;
				SDKROOT = iphoneos;
				SWIFT_ACTIVE_COMPILATION_CONDITIONS = DEBUG;
				SWIFT_OPTIMIZATION_LEVEL = "-Onone";
			};
			name = Debug;
		};
		9B1C7CD928C8379900E2CAAA /* Release */ = {
			isa = XCBuildConfiguration;
			buildSettings = {
				ALWAYS_SEARCH_USER_PATHS = NO;
				CLANG_ANALYZER_NONNULL = YES;
				CLANG_ANALYZER_NUMBER_OBJECT_CONVERSION = YES_AGGRESSIVE;
				CLANG_CXX_LANGUAGE_STANDARD = "gnu++17";
				CLANG_ENABLE_MODULES = YES;
				CLANG_ENABLE_OBJC_ARC = YES;
				CLANG_ENABLE_OBJC_WEAK = YES;
				CLANG_WARN_BLOCK_CAPTURE_AUTORELEASING = YES;
				CLANG_WARN_BOOL_CONVERSION = YES;
				CLANG_WARN_COMMA = YES;
				CLANG_WARN_CONSTANT_CONVERSION = YES;
				CLANG_WARN_DEPRECATED_OBJC_IMPLEMENTATIONS = YES;
				CLANG_WARN_DIRECT_OBJC_ISA_USAGE = YES_ERROR;
				CLANG_WARN_DOCUMENTATION_COMMENTS = YES;
				CLANG_WARN_EMPTY_BODY = YES;
				CLANG_WARN_ENUM_CONVERSION = YES;
				CLANG_WARN_INFINITE_RECURSION = YES;
				CLANG_WARN_INT_CONVERSION = YES;
				CLANG_WARN_NON_LITERAL_NULL_CONVERSION = YES;
				CLANG_WARN_OBJC_IMPLICIT_RETAIN_SELF = YES;
				CLANG_WARN_OBJC_LITERAL_CONVERSION = YES;
				CLANG_WARN_OBJC_ROOT_CLASS = YES_ERROR;
				CLANG_WARN_QUOTED_INCLUDE_IN_FRAMEWORK_HEADER = YES;
				CLANG_WARN_RANGE_LOOP_ANALYSIS = YES;
				CLANG_WARN_STRICT_PROTOTYPES = YES;
				CLANG_WARN_SUSPICIOUS_MOVE = YES;
				CLANG_WARN_UNGUARDED_AVAILABILITY = YES_AGGRESSIVE;
				CLANG_WARN_UNREACHABLE_CODE = YES;
				CLANG_WARN__DUPLICATE_METHOD_MATCH = YES;
				COPY_PHASE_STRIP = NO;
				DEBUG_INFORMATION_FORMAT = "dwarf-with-dsym";
				ENABLE_NS_ASSERTIONS = NO;
				ENABLE_STRICT_OBJC_MSGSEND = YES;
				GCC_C_LANGUAGE_STANDARD = gnu11;
				GCC_NO_COMMON_BLOCKS = YES;
				GCC_WARN_64_TO_32_BIT_CONVERSION = YES;
				GCC_WARN_ABOUT_RETURN_TYPE = YES_ERROR;
				GCC_WARN_UNDECLARED_SELECTOR = YES;
				GCC_WARN_UNINITIALIZED_AUTOS = YES_AGGRESSIVE;
				GCC_WARN_UNUSED_FUNCTION = YES;
				GCC_WARN_UNUSED_VARIABLE = YES;
				IPHONEOS_DEPLOYMENT_TARGET = 15.5;
				MTL_ENABLE_DEBUG_INFO = NO;
				MTL_FAST_MATH = YES;
				SDKROOT = iphoneos;
				SWIFT_COMPILATION_MODE = wholemodule;
				SWIFT_OPTIMIZATION_LEVEL = "-O";
				VALIDATE_PRODUCT = YES;
			};
			name = Release;
		};
		9B1C7CDB28C8379900E2CAAA /* Debug */ = {
			isa = XCBuildConfiguration;
			baseConfigurationReference = 8B40E89DC048FBBC94425C2D /* Pods-Flix.debug.xcconfig */;
			buildSettings = {
				ASSETCATALOG_COMPILER_APPICON_NAME = AppIcon;
				ASSETCATALOG_COMPILER_GLOBAL_ACCENT_COLOR_NAME = AccentColor;
				CODE_SIGN_STYLE = Automatic;
				CURRENT_PROJECT_VERSION = 1;
				DEVELOPMENT_TEAM = N52KTTKN9B;
				GENERATE_INFOPLIST_FILE = YES;
				INFOPLIST_FILE = Flix/Info.plist;
				INFOPLIST_KEY_UIApplicationSupportsIndirectInputEvents = YES;
				INFOPLIST_KEY_UILaunchStoryboardName = LaunchScreen;
				INFOPLIST_KEY_UIMainStoryboardFile = Main;
				INFOPLIST_KEY_UISupportedInterfaceOrientations_iPad = "UIInterfaceOrientationPortrait UIInterfaceOrientationPortraitUpsideDown UIInterfaceOrientationLandscapeLeft UIInterfaceOrientationLandscapeRight";
				INFOPLIST_KEY_UISupportedInterfaceOrientations_iPhone = "UIInterfaceOrientationPortrait UIInterfaceOrientationLandscapeLeft UIInterfaceOrientationLandscapeRight";
				LD_RUNPATH_SEARCH_PATHS = (
					"$(inherited)",
					"@executable_path/Frameworks",
				);
				MARKETING_VERSION = 1.0;
				PRODUCT_BUNDLE_IDENTIFIER = Tianzhe.Flix;
				PRODUCT_NAME = "$(TARGET_NAME)";
				SWIFT_EMIT_LOC_STRINGS = YES;
				SWIFT_VERSION = 5.0;
				TARGETED_DEVICE_FAMILY = "1,2";
			};
			name = Debug;
		};
		9B1C7CDC28C8379900E2CAAA /* Release */ = {
			isa = XCBuildConfiguration;
			baseConfigurationReference = 85678E6AFD89310F4CBF2B07 /* Pods-Flix.release.xcconfig */;
			buildSettings = {
				ASSETCATALOG_COMPILER_APPICON_NAME = AppIcon;
				ASSETCATALOG_COMPILER_GLOBAL_ACCENT_COLOR_NAME = AccentColor;
				CODE_SIGN_STYLE = Automatic;
				CURRENT_PROJECT_VERSION = 1;
				DEVELOPMENT_TEAM = N52KTTKN9B;
				GENERATE_INFOPLIST_FILE = YES;
				INFOPLIST_FILE = Flix/Info.plist;
				INFOPLIST_KEY_UIApplicationSupportsIndirectInputEvents = YES;
				INFOPLIST_KEY_UILaunchStoryboardName = LaunchScreen;
				INFOPLIST_KEY_UIMainStoryboardFile = Main;
				INFOPLIST_KEY_UISupportedInterfaceOrientations_iPad = "UIInterfaceOrientationPortrait UIInterfaceOrientationPortraitUpsideDown UIInterfaceOrientationLandscapeLeft UIInterfaceOrientationLandscapeRight";
				INFOPLIST_KEY_UISupportedInterfaceOrientations_iPhone = "UIInterfaceOrientationPortrait UIInterfaceOrientationLandscapeLeft UIInterfaceOrientationLandscapeRight";
				LD_RUNPATH_SEARCH_PATHS = (
					"$(inherited)",
					"@executable_path/Frameworks",
				);
				MARKETING_VERSION = 1.0;
				PRODUCT_BUNDLE_IDENTIFIER = Tianzhe.Flix;
				PRODUCT_NAME = "$(TARGET_NAME)";
				SWIFT_EMIT_LOC_STRINGS = YES;
				SWIFT_VERSION = 5.0;
				TARGETED_DEVICE_FAMILY = "1,2";
			};
			name = Release;
		};
		9B1C7CDE28C8379900E2CAAA /* Debug */ = {
			isa = XCBuildConfiguration;
			baseConfigurationReference = 2B01CC249A19F8D980E5BFCC /* Pods-FlixTests.debug.xcconfig */;
			buildSettings = {
				ALWAYS_EMBED_SWIFT_STANDARD_LIBRARIES = YES;
				BUNDLE_LOADER = "$(TEST_HOST)";
				CODE_SIGN_STYLE = Automatic;
				CURRENT_PROJECT_VERSION = 1;
				DEVELOPMENT_TEAM = N52KTTKN9B;
				GENERATE_INFOPLIST_FILE = YES;
				IPHONEOS_DEPLOYMENT_TARGET = 15.5;
				MARKETING_VERSION = 1.0;
				PRODUCT_BUNDLE_IDENTIFIER = Tianzhe.FlixTests;
				PRODUCT_NAME = "$(TARGET_NAME)";
				SWIFT_EMIT_LOC_STRINGS = NO;
				SWIFT_VERSION = 5.0;
				TARGETED_DEVICE_FAMILY = "1,2";
				TEST_HOST = "$(BUILT_PRODUCTS_DIR)/Flix.app/Flix";
			};
			name = Debug;
		};
		9B1C7CDF28C8379900E2CAAA /* Release */ = {
			isa = XCBuildConfiguration;
			baseConfigurationReference = 517047C2EBDE350A500B867A /* Pods-FlixTests.release.xcconfig */;
			buildSettings = {
				ALWAYS_EMBED_SWIFT_STANDARD_LIBRARIES = YES;
				BUNDLE_LOADER = "$(TEST_HOST)";
				CODE_SIGN_STYLE = Automatic;
				CURRENT_PROJECT_VERSION = 1;
				DEVELOPMENT_TEAM = N52KTTKN9B;
				GENERATE_INFOPLIST_FILE = YES;
				IPHONEOS_DEPLOYMENT_TARGET = 15.5;
				MARKETING_VERSION = 1.0;
				PRODUCT_BUNDLE_IDENTIFIER = Tianzhe.FlixTests;
				PRODUCT_NAME = "$(TARGET_NAME)";
				SWIFT_EMIT_LOC_STRINGS = NO;
				SWIFT_VERSION = 5.0;
				TARGETED_DEVICE_FAMILY = "1,2";
				TEST_HOST = "$(BUILT_PRODUCTS_DIR)/Flix.app/Flix";
			};
			name = Release;
		};
		9B1C7CE128C8379900E2CAAA /* Debug */ = {
			isa = XCBuildConfiguration;
			baseConfigurationReference = CEF7EE0A9790DB986A3585C6 /* Pods-Flix-FlixUITests.debug.xcconfig */;
			buildSettings = {
				ALWAYS_EMBED_SWIFT_STANDARD_LIBRARIES = YES;
				CODE_SIGN_STYLE = Automatic;
				CURRENT_PROJECT_VERSION = 1;
				DEVELOPMENT_TEAM = N52KTTKN9B;
				GENERATE_INFOPLIST_FILE = YES;
				MARKETING_VERSION = 1.0;
				PRODUCT_BUNDLE_IDENTIFIER = Tianzhe.FlixUITests;
				PRODUCT_NAME = "$(TARGET_NAME)";
				SWIFT_EMIT_LOC_STRINGS = NO;
				SWIFT_VERSION = 5.0;
				TARGETED_DEVICE_FAMILY = "1,2";
				TEST_TARGET_NAME = Flix;
			};
			name = Debug;
		};
		9B1C7CE228C8379900E2CAAA /* Release */ = {
			isa = XCBuildConfiguration;
			baseConfigurationReference = 98ABD757769281D81B18AFE2 /* Pods-Flix-FlixUITests.release.xcconfig */;
			buildSettings = {
				ALWAYS_EMBED_SWIFT_STANDARD_LIBRARIES = YES;
				CODE_SIGN_STYLE = Automatic;
				CURRENT_PROJECT_VERSION = 1;
				DEVELOPMENT_TEAM = N52KTTKN9B;
				GENERATE_INFOPLIST_FILE = YES;
				MARKETING_VERSION = 1.0;
				PRODUCT_BUNDLE_IDENTIFIER = Tianzhe.FlixUITests;
				PRODUCT_NAME = "$(TARGET_NAME)";
				SWIFT_EMIT_LOC_STRINGS = NO;
				SWIFT_VERSION = 5.0;
				TARGETED_DEVICE_FAMILY = "1,2";
				TEST_TARGET_NAME = Flix;
			};
			name = Release;
		};
/* End XCBuildConfiguration section */

/* Begin XCConfigurationList section */
		9B1C7CAB28C8379600E2CAAA /* Build configuration list for PBXProject "Flix" */ = {
			isa = XCConfigurationList;
			buildConfigurations = (
				9B1C7CD828C8379900E2CAAA /* Debug */,
				9B1C7CD928C8379900E2CAAA /* Release */,
			);
			defaultConfigurationIsVisible = 0;
			defaultConfigurationName = Release;
		};
		9B1C7CDA28C8379900E2CAAA /* Build configuration list for PBXNativeTarget "Flix" */ = {
			isa = XCConfigurationList;
			buildConfigurations = (
				9B1C7CDB28C8379900E2CAAA /* Debug */,
				9B1C7CDC28C8379900E2CAAA /* Release */,
			);
			defaultConfigurationIsVisible = 0;
			defaultConfigurationName = Release;
		};
		9B1C7CDD28C8379900E2CAAA /* Build configuration list for PBXNativeTarget "FlixTests" */ = {
			isa = XCConfigurationList;
			buildConfigurations = (
				9B1C7CDE28C8379900E2CAAA /* Debug */,
				9B1C7CDF28C8379900E2CAAA /* Release */,
			);
			defaultConfigurationIsVisible = 0;
			defaultConfigurationName = Release;
		};
		9B1C7CE028C8379900E2CAAA /* Build configuration list for PBXNativeTarget "FlixUITests" */ = {
			isa = XCConfigurationList;
			buildConfigurations = (
				9B1C7CE128C8379900E2CAAA /* Debug */,
				9B1C7CE228C8379900E2CAAA /* Release */,
			);
			defaultConfigurationIsVisible = 0;
			defaultConfigurationName = Release;
		};
/* End XCConfigurationList section */

/* Begin XCRemoteSwiftPackageReference section */
		9BB2642328CE35CF0052F375 /* XCRemoteSwiftPackageReference "AlamofireImage" */ = {
			isa = XCRemoteSwiftPackageReference;
			repositoryURL = "https://github.com/Alamofire/AlamofireImage";
			requirement = {
				kind = upToNextMajorVersion;
				minimumVersion = 4.0.0;
			};
		};
/* End XCRemoteSwiftPackageReference section */

/* Begin XCSwiftPackageProductDependency section */
		9BB2642428CE35CF0052F375 /* AlamofireImage */ = {
			isa = XCSwiftPackageProductDependency;
			package = 9BB2642328CE35CF0052F375 /* XCRemoteSwiftPackageReference "AlamofireImage" */;
			productName = AlamofireImage;
		};
/* End XCSwiftPackageProductDependency section */
	};
	rootObject = 9B1C7CA828C8379600E2CAAA /* Project object */;
}
